<Solution>
  <Folder Name="/src/" />
  <Folder Name="/src/Bootstrapper/">
    <Project Path="src/Bootstrapper/ThingsBooksy.Bootstrapper/ThingsBooksy.Bootstrapper.csproj" />
  </Folder>
  <Folder Name="/src/Modules/" />
  <Folder Name="/src/Modules/Resources/">
    <Project Path="src/Modules/Resources/ThingsBooksy.Modules.Resources.Api/ThingsBooksy.Modules.Resources.Api.csproj" />
    <Project Path="src/Modules/Resources/ThingsBooksy.Modules.Resources.Core/ThingsBooksy.Modules.Resources.Core.csproj" />
    <Project Path="src/Modules/Resources/ThingsBooksy.Modules.Resources.Migrations/ThingsBooksy.Modules.Resources.Migrations.csproj" />
    <Project Path="src/Modules/Resources/ThingsBooksy.Modules.Resources.IntegrationTests/ThingsBooksy.Modules.Resources.IntegrationTests.csproj" />
  </Folder>
  <Folder Name="/src/Modules/ManagementGroups/">
    <Project Path="src/Modules/ManagementGroups/ThingsBooksy.Modules.ManagementGroups.Api/ThingsBooksy.Modules.ManagementGroups.Api.csproj" />
    <Project Path="src/Modules/ManagementGroups/ThingsBooksy.Modules.ManagementGroups.Core/ThingsBooksy.Modules.ManagementGroups.Core.csproj" />
    <Project Path="src/Modules/ManagementGroups/ThingsBooksy.Modules.ManagementGroups.Migrations/ThingsBooksy.Modules.ManagementGroups.Migrations.csproj" />
    <Project Path="src/Modules/ManagementGroups/ThingsBooksy.Modules.ManagementGroups.IntegrationTests/ThingsBooksy.Modules.ManagementGroups.IntegrationTests.csproj" />
  </Folder>
  <Folder Name="/src/Modules/Users/">
    <Project Path="src/Modules/Users/ThingsBooksy.Modules.Users.Api/ThingsBooksy.Modules.Users.Api.csproj" />
    <Project Path="src/Modules/Users/ThingsBooksy.Modules.Users.Core/ThingsBooksy.Modules.Users.Core.csproj" />
    <Project Path="src/Modules/Users/ThingsBooksy.Modules.Users.Migrations/ThingsBooksy.Modules.Users.Migrations.csproj" />
    <Project Path="src/Modules/Users/ThingsBooksy.Modules.Users.IntegrationTests/ThingsBooksy.Modules.Users.IntegrationTests.csproj" />
  </Folder>
  <Folder Name="/src/Shared/">
    <Project Path="src/Shared/ThingsBooksy.Shared.Abstractions/ThingsBooksy.Shared.Abstractions.csproj" />
    <Project Path="src/Shared/ThingsBooksy.Shared.Infrastructure/ThingsBooksy.Shared.Infrastructure.csproj" />
    <Project Path="src/Shared/ThingsBooksy.Shared.IntegrationTests/ThingsBooksy.Shared.IntegrationTests.csproj" />
  </Folder>
  <Folder Name="/src/Modules/Calendar/">
    <Project Path="src/Modules/Calendar/ThingsBooksy.Modules.Calendar.Api/ThingsBooksy.Modules.Calendar.Api.csproj" />
    <Project Path="src/Modules/Calendar/ThingsBooksy.Modules.Calendar.Core/ThingsBooksy.Modules.Calendar.Core.csproj" />
    <Project Path="src/Modules/Calendar/ThingsBooksy.Modules.Calendar.Migrations/ThingsBooksy.Modules.Calendar.Migrations.csproj" />
    <Project Path="src/Modules/Calendar/ThingsBooksy.Modules.Calendar.IntegrationTests/ThingsBooksy.Modules.Calendar.IntegrationTests.csproj" />
  </Folder>
  <Folder Name="/src/Modules/Availability/">
    <Project Path="src/Modules/Availability/ThingsBooksy.Modules.Availability.Api/ThingsBooksy.Modules.Availability.Api.csproj" />
    <Project Path="src/Modules/Availability/ThingsBooksy.Modules.Availability.Core/ThingsBooksy.Modules.Availability.Core.csproj" />
    <Project Path="src/Modules/Availability/ThingsBooksy.Modules.Availability.Migrations/ThingsBooksy.Modules.Availability.Migrations.csproj" />
    <Project Path="src/Modules/Availability/ThingsBooksy.Modules.Availability.IntegrationTests/ThingsBooksy.Modules.Availability.IntegrationTests.csproj" />
  </Folder>
</Solution>
